// !$*UTF8*$!
{
	archiveVersion = 1;
	classes = {
	};
	objectVersion = 56;
	objects = {

/* Begin PBXBuildFile section */
		AB46DDF12BD5A99700DA6BD6 /* PathConfiguration.json in Resources */ = {isa = PBXBuildFile; fileRef = AB46DDF02BD5A99700DA6BD6 /* PathConfiguration.json */; };
		ABCC85272B7B2B7A00C0D1E5 /* AppDelegate.swift in Sources */ = {isa = PBXBuildFile; fileRef = ABCC85262B7B2B7A00C0D1E5 /* AppDelegate.swift */; };
		ABCC85292B7B2B7A00C0D1E5 /* SceneDelegate.swift in Sources */ = {isa = PBXBuildFile; fileRef = ABCC85282B7B2B7A00C0D1E5 /* SceneDelegate.swift */; };
		ABCC852B2B7B2B7A00C0D1E5 /* ViewController.swift in Sources */ = {isa = PBXBuildFile; fileRef = ABCC852A2B7B2B7A00C0D1E5 /* ViewController.swift */; };
		ABCC85302B7B2B7B00C0D1E5 /* Assets.xcassets in Resources */ = {isa = PBXBuildFile; fileRef = ABCC852F2B7B2B7B00C0D1E5 /* Assets.xcassets */; };
		ABCC85332B7B2B7B00C0D1E5 /* LaunchScreen.storyboard in Resources */ = {isa = PBXBuildFile; fileRef = ABCC85312B7B2B7B00C0D1E5 /* LaunchScreen.storyboard */; };
		ABCC853C2B7B2C1900C0D1E5 /* Turbo in Frameworks */ = {isa = PBXBuildFile; productRef = ABCC853B2B7B2C1900C0D1E5 /* Turbo */; };
/* End PBXBuildFile section */

/* Begin PBXFileReference section */
		AB46DDF02BD5A99700DA6BD6 /* PathConfiguration.json */ = {isa = PBXFileReference; lastKnownFileType = text.json; path = PathConfiguration.json; sourceTree = "<group>"; };
		ABCC85232B7B2B7A00C0D1E5 /* magellan-rewards-ios-v2.app */ = {isa = PBXFileReference; explicitFileType = wrapper.application; includeInIndex = 0; path = "magellan-rewards-ios-v2.app"; sourceTree = BUILT_PRODUCTS_DIR; };
		ABCC85262B7B2B7A00C0D1E5 /* AppDelegate.swift */ = {isa = PBXFileReference; lastKnownFileType = sourcecode.swift; path = AppDelegate.swift; sourceTree = "<group>"; };
		ABCC85282B7B2B7A00C0D1E5 /* SceneDelegate.swift */ = {isa = PBXFileReference; lastKnownFileType = sourcecode.swift; path = SceneDelegate.swift; sourceTree = "<group>"; };
		ABCC852A2B7B2B7A00C0D1E5 /* ViewController.swift */ = {isa = PBXFileReference; lastKnownFileType = sourcecode.swift; path = ViewController.swift; sourceTree = "<group>"; };
		ABCC852F2B7B2B7B00C0D1E5 /* Assets.xcassets */ = {isa = PBXFileReference; lastKnownFileType = folder.assetcatalog; path = Assets.xcassets; sourceTree = "<group>"; };
		ABCC85322B7B2B7B00C0D1E5 /* Base */ = {isa = PBXFileReference; lastKnownFileType = file.storyboard; name = Base; path = Base.lproj/LaunchScreen.storyboard; sourceTree = "<group>"; };
		ABCC85342B7B2B7B00C0D1E5 /* Info.plist */ = {isa = PBXFileReference; lastKnownFileType = text.plist.xml; path = Info.plist; sourceTree = "<group>"; };
/* End PBXFileReference section */

/* Begin PBXFrameworksBuildPhase section */
		ABCC85202B7B2B7A00C0D1E5 /* Frameworks */ = {
			isa = PBXFrameworksBuildPhase;
			buildActionMask = 2147483647;
			files = (
				ABCC853C2B7B2C1900C0D1E5 /* Turbo in Frameworks */,
			);
			runOnlyForDeploymentPostprocessing = 0;
		};
/* End PBXFrameworksBuildPhase section */

/* Begin PBXGroup section */
		AB46DDEF2BD5A8F400DA6BD6 /* Resources */ = {
			isa = PBXGroup;
			children = (
				AB46DDF02BD5A99700DA6BD6 /* PathConfiguration.json */,
			);
			path = Resources;
			sourceTree = "<group>";
		};
		ABCC851A2B7B2B7A00C0D1E5 = {
			isa = PBXGroup;
			children = (
				ABCC85252B7B2B7A00C0D1E5 /* magellan-rewards-ios-v2 */,
				ABCC85242B7B2B7A00C0D1E5 /* Products */,
			);
			sourceTree = "<group>";
		};
		ABCC85242B7B2B7A00C0D1E5 /* Products */ = {
			isa = PBXGroup;
			children = (
				ABCC85232B7B2B7A00C0D1E5 /* magellan-rewards-ios-v2.app */,
			);
			name = Products;
			sourceTree = "<group>";
		};
		ABCC85252B7B2B7A00C0D1E5 /* magellan-rewards-ios-v2 */ = {
			isa = PBXGroup;
			children = (
				AB46DDEF2BD5A8F400DA6BD6 /* Resources */,
				ABCC85262B7B2B7A00C0D1E5 /* AppDelegate.swift */,
				ABCC85282B7B2B7A00C0D1E5 /* SceneDelegate.swift */,
				ABCC852A2B7B2B7A00C0D1E5 /* ViewController.swift */,
				ABCC852F2B7B2B7B00C0D1E5 /* Assets.xcassets */,
				ABCC85312B7B2B7B00C0D1E5 /* LaunchScreen.storyboard */,
				ABCC85342B7B2B7B00C0D1E5 /* Info.plist */,
			);
			path = "magellan-rewards-ios-v2";
			sourceTree = "<group>";
		};
/* End PBXGroup section */

/* Begin PBXNativeTarget section */
		ABCC85222B7B2B7A00C0D1E5 /* magellan-rewards-ios-v2 */ = {
			isa = PBXNativeTarget;
			buildConfigurationList = ABCC85372B7B2B7B00C0D1E5 /* Build configuration list for PBXNativeTarget "magellan-rewards-ios-v2" */;
			buildPhases = (
				ABCC851F2B7B2B7A00C0D1E5 /* Sources */,
				ABCC85202B7B2B7A00C0D1E5 /* Frameworks */,
				ABCC85212B7B2B7A00C0D1E5 /* Resources */,
			);
			buildRules = (
			);
			dependencies = (
			);
			name = "magellan-rewards-ios-v2";
			packageProductDependencies = (
				ABCC853B2B7B2C1900C0D1E5 /* Turbo */,
			);
			productName = "magellan-rewards-ios-v2";
			productReference = ABCC85232B7B2B7A00C0D1E5 /* magellan-rewards-ios-v2.app */;
			productType = "com.apple.product-type.application";
		};
/* End PBXNativeTarget section */

/* Begin PBXProject section */
		ABCC851B2B7B2B7A00C0D1E5 /* Project object */ = {
			isa = PBXProject;
			attributes = {
				BuildIndependentTargetsInParallel = 1;
				LastSwiftUpdateCheck = 1520;
				LastUpgradeCheck = 1520;
				TargetAttributes = {
					ABCC85222B7B2B7A00C0D1E5 = {
						CreatedOnToolsVersion = 15.2;
					};
				};
			};
			buildConfigurationList = ABCC851E2B7B2B7A00C0D1E5 /* Build configuration list for PBXProject "magellan-rewards-ios-v2" */;
			compatibilityVersion = "Xcode 14.0";
			developmentRegion = en;
			hasScannedForEncodings = 0;
			knownRegions = (
				en,
				Base,
			);
			mainGroup = ABCC851A2B7B2B7A00C0D1E5;
			packageReferences = (
				ABCC853A2B7B2C1900C0D1E5 /* XCRemoteSwiftPackageReference "turbo-ios" */,
			);
			productRefGroup = ABCC85242B7B2B7A00C0D1E5 /* Products */;
			projectDirPath = "";
			projectRoot = "";
			targets = (
				ABCC85222B7B2B7A00C0D1E5 /* magellan-rewards-ios-v2 */,
			);
		};
/* End PBXProject section */

/* Begin PBXResourcesBuildPhase section */
		ABCC85212B7B2B7A00C0D1E5 /* Resources */ = {
			isa = PBXResourcesBuildPhase;
			buildActionMask = 2147483647;
			files = (
				ABCC85332B7B2B7B00C0D1E5 /* LaunchScreen.storyboard in Resources */,
				AB46DDF12BD5A99700DA6BD6 /* PathConfiguration.json in Resources */,
				ABCC85302B7B2B7B00C0D1E5 /* Assets.xcassets in Resources */,
			);
			runOnlyForDeploymentPostprocessing = 0;
		};
/* End PBXResourcesBuildPhase section */

/* Begin PBXSourcesBuildPhase section */
		ABCC851F2B7B2B7A00C0D1E5 /* Sources */ = {
			isa = PBXSourcesBuildPhase;
			buildActionMask = 2147483647;
			files = (
				ABCC852B2B7B2B7A00C0D1E5 /* ViewController.swift in Sources */,
				ABCC85272B7B2B7A00C0D1E5 /* AppDelegate.swift in Sources */,
				ABCC85292B7B2B7A00C0D1E5 /* SceneDelegate.swift in Sources */,
			);
			runOnlyForDeploymentPostprocessing = 0;
		};
/* End PBXSourcesBuildPhase section */

/* Begin PBXVariantGroup section */
		ABCC85312B7B2B7B00C0D1E5 /* LaunchScreen.storyboard */ = {
			isa = PBXVariantGroup;
			children = (
				ABCC85322B7B2B7B00C0D1E5 /* Base */,
			);
			name = LaunchScreen.storyboard;
			sourceTree = "<group>";
		};
/* End PBXVariantGroup section */

/* Begin XCBuildConfiguration section */
		ABCC85352B7B2B7B00C0D1E5 /* Debug */ = {
			isa = XCBuildConfiguration;
			buildSettings = {
				ALWAYS_SEARCH_USER_PATHS = NO;
				ASSETCATALOG_COMPILER_GENERATE_SWIFT_ASSET_SYMBOL_EXTENSIONS = YES;
				CLANG_ANALYZER_NONNULL = YES;
				CLANG_ANALYZER_NUMBER_OBJECT_CONVERSION = YES_AGGRESSIVE;
				CLANG_CXX_LANGUAGE_STANDARD = "gnu++20";
				CLANG_ENABLE_MODULES = YES;
				CLANG_ENABLE_OBJC_ARC = YES;
				CLANG_ENABLE_OBJC_WEAK = YES;
				CLANG_WARN_BLOCK_CAPTURE_AUTORELEASING = YES;
				CLANG_WARN_BOOL_CONVERSION = YES;
				CLANG_WARN_COMMA = YES;
				CLANG_WARN_CONSTANT_CONVERSION = YES;
				CLANG_WARN_DEPRECATED_OBJC_IMPLEMENTATIONS = YES;
				CLANG_WARN_DIRECT_OBJC_ISA_USAGE = YES_ERROR;
				CLANG_WARN_DOCUMENTATION_COMMENTS = YES;
				CLANG_WARN_EMPTY_BODY = YES;
				CLANG_WARN_ENUM_CONVERSION = YES;
				CLANG_WARN_INFINITE_RECURSION = YES;
				CLANG_WARN_INT_CONVERSION = YES;
				CLANG_WARN_NON_LITERAL_NULL_CONVERSION = YES;
				CLANG_WARN_OBJC_IMPLICIT_RETAIN_SELF = YES;
				CLANG_WARN_OBJC_LITERAL_CONVERSION = YES;
				CLANG_WARN_OBJC_ROOT_CLASS = YES_ERROR;
				CLANG_WARN_QUOTED_INCLUDE_IN_FRAMEWORK_HEADER = YES;
				CLANG_WARN_RANGE_LOOP_ANALYSIS = YES;
				CLANG_WARN_STRICT_PROTOTYPES = YES;
				CLANG_WARN_SUSPICIOUS_MOVE = YES;
				CLANG_WARN_UNGUARDED_AVAILABILITY = YES_AGGRESSIVE;
				CLANG_WARN_UNREACHABLE_CODE = YES;
				CLANG_WARN__DUPLICATE_METHOD_MATCH = YES;
				COPY_PHASE_STRIP = NO;
				DEBUG_INFORMATION_FORMAT = dwarf;
				ENABLE_STRICT_OBJC_MSGSEND = YES;
				ENABLE_TESTABILITY = YES;
				ENABLE_USER_SCRIPT_SANDBOXING = YES;
				GCC_C_LANGUAGE_STANDARD = gnu17;
				GCC_DYNAMIC_NO_PIC = NO;
				GCC_NO_COMMON_BLOCKS = YES;
				GCC_OPTIMIZATION_LEVEL = 0;
				GCC_PREPROCESSOR_DEFINITIONS = (
					"DEBUG=1",
					"$(inherited)",
				);
				GCC_WARN_64_TO_32_BIT_CONVERSION = YES;
				GCC_WARN_ABOUT_RETURN_TYPE = YES_ERROR;
				GCC_WARN_UNDECLARED_SELECTOR = YES;
				GCC_WARN_UNINITIALIZED_AUTOS = YES_AGGRESSIVE;
				GCC_WARN_UNUSED_FUNCTION = YES;
				GCC_WARN_UNUSED_VARIABLE = YES;
				IPHONEOS_DEPLOYMENT_TARGET = 17.2;
				LOCALIZATION_PREFERS_STRING_CATALOGS = YES;
				MTL_ENABLE_DEBUG_INFO = INCLUDE_SOURCE;
				MTL_FAST_MATH = YES;
				ONLY_ACTIVE_ARCH = YES;
				SDKROOT = iphoneos;
				SWIFT_ACTIVE_COMPILATION_CONDITIONS = "DEBUG $(inherited)";
				SWIFT_OPTIMIZATION_LEVEL = "-Onone";
			};
			name = Debug;
		};
		ABCC85362B7B2B7B00C0D1E5 /* Release */ = {
			isa = XCBuildConfiguration;
			buildSettings = {
				ALWAYS_SEARCH_USER_PATHS = NO;
				ASSETCATALOG_COMPILER_GENERATE_SWIFT_ASSET_SYMBOL_EXTENSIONS = YES;
				CLANG_ANALYZER_NONNULL = YES;
				CLANG_ANALYZER_NUMBER_OBJECT_CONVERSION = YES_AGGRESSIVE;
				CLANG_CXX_LANGUAGE_STANDARD = "gnu++20";
				CLANG_ENABLE_MODULES = YES;
				CLANG_ENABLE_OBJC_ARC = YES;
				CLANG_ENABLE_OBJC_WEAK = YES;
				CLANG_WARN_BLOCK_CAPTURE_AUTORELEASING = YES;
				CLANG_WARN_BOOL_CONVERSION = YES;
				CLANG_WARN_COMMA = YES;
				CLANG_WARN_CONSTANT_CONVERSION = YES;
				CLANG_WARN_DEPRECATED_OBJC_IMPLEMENTATIONS = YES;
				CLANG_WARN_DIRECT_OBJC_ISA_USAGE = YES_ERROR;
				CLANG_WARN_DOCUMENTATION_COMMENTS = YES;
				CLANG_WARN_EMPTY_BODY = YES;
				CLANG_WARN_ENUM_CONVERSION = YES;
				CLANG_WARN_INFINITE_RECURSION = YES;
				CLANG_WARN_INT_CONVERSION = YES;
				CLANG_WARN_NON_LITERAL_NULL_CONVERSION = YES;
				CLANG_WARN_OBJC_IMPLICIT_RETAIN_SELF = YES;
				CLANG_WARN_OBJC_LITERAL_CONVERSION = YES;
				CLANG_WARN_OBJC_ROOT_CLASS = YES_ERROR;
				CLANG_WARN_QUOTED_INCLUDE_IN_FRAMEWORK_HEADER = YES;
				CLANG_WARN_RANGE_LOOP_ANALYSIS = YES;
				CLANG_WARN_STRICT_PROTOTYPES = YES;
				CLANG_WARN_SUSPICIOUS_MOVE = YES;
				CLANG_WARN_UNGUARDED_AVAILABILITY = YES_AGGRESSIVE;
				CLANG_WARN_UNREACHABLE_CODE = YES;
				CLANG_WARN__DUPLICATE_METHOD_MATCH = YES;
				COPY_PHASE_STRIP = NO;
				DEBUG_INFORMATION_FORMAT = "dwarf-with-dsym";
				ENABLE_NS_ASSERTIONS = NO;
				ENABLE_STRICT_OBJC_MSGSEND = YES;
				ENABLE_USER_SCRIPT_SANDBOXING = YES;
				GCC_C_LANGUAGE_STANDARD = gnu17;
				GCC_NO_COMMON_BLOCKS = YES;
				GCC_WARN_64_TO_32_BIT_CONVERSION = YES;
				GCC_WARN_ABOUT_RETURN_TYPE = YES_ERROR;
				GCC_WARN_UNDECLARED_SELECTOR = YES;
				GCC_WARN_UNINITIALIZED_AUTOS = YES_AGGRESSIVE;
				GCC_WARN_UNUSED_FUNCTION = YES;
				GCC_WARN_UNUSED_VARIABLE = YES;
				IPHONEOS_DEPLOYMENT_TARGET = 17.2;
				LOCALIZATION_PREFERS_STRING_CATALOGS = YES;
				MTL_ENABLE_DEBUG_INFO = NO;
				MTL_FAST_MATH = YES;
				SDKROOT = iphoneos;
				SWIFT_COMPILATION_MODE = wholemodule;
				VALIDATE_PRODUCT = YES;
			};
			name = Release;
		};
		ABCC85382B7B2B7B00C0D1E5 /* Debug */ = {
			isa = XCBuildConfiguration;
			buildSettings = {
				ASSETCATALOG_COMPILER_APPICON_NAME = AppIcon;
				ASSETCATALOG_COMPILER_GLOBAL_ACCENT_COLOR_NAME = AccentColor;
				CODE_SIGN_STYLE = Automatic;
				CURRENT_PROJECT_VERSION = 3;
				DEVELOPMENT_TEAM = 5DSD474M3B;
				GENERATE_INFOPLIST_FILE = YES;
				INFOPLIST_FILE = "magellan-rewards-ios-v2/Info.plist";
				INFOPLIST_KEY_CFBundleDisplayName = "Magellan Rewards";
				INFOPLIST_KEY_LSApplicationCategoryType = "public.app-category.shopping";
				INFOPLIST_KEY_UIApplicationSupportsIndirectInputEvents = YES;
				INFOPLIST_KEY_UILaunchStoryboardName = LaunchScreen.storyboard;
				INFOPLIST_KEY_UIRequiresFullScreen = YES;
				INFOPLIST_KEY_UISupportedInterfaceOrientations_iPad = "UIInterfaceOrientationPortrait UIInterfaceOrientationPortraitUpsideDown UIInterfaceOrientationLandscapeLeft UIInterfaceOrientationLandscapeRight";
				INFOPLIST_KEY_UISupportedInterfaceOrientations_iPhone = "UIInterfaceOrientationPortrait UIInterfaceOrientationLandscapeLeft UIInterfaceOrientationLandscapeRight";
				LD_RUNPATH_SEARCH_PATHS = (
					"$(inherited)",
					"@executable_path/Frameworks",
				);
				MARKETING_VERSION = 2.02;
				PRODUCT_BUNDLE_IDENTIFIER = "com.owenroth.magellan-rewards";
				PRODUCT_NAME = "$(TARGET_NAME)";
				SWIFT_EMIT_LOC_STRINGS = YES;
				SWIFT_VERSION = 5.0;
				TARGETED_DEVICE_FAMILY = "1,2";
			};
			name = Debug;
		};
		ABCC85392B7B2B7B00C0D1E5 /* Release */ = {
			isa = XCBuildConfiguration;
			buildSettings = {
				ASSETCATALOG_COMPILER_APPICON_NAME = AppIcon;
				ASSETCATALOG_COMPILER_GLOBAL_ACCENT_COLOR_NAME = AccentColor;
				CODE_SIGN_STYLE = Automatic;
				CURRENT_PROJECT_VERSION = 3;
				DEVELOPMENT_TEAM = 5DSD474M3B;
				GENERATE_INFOPLIST_FILE = YES;
				INFOPLIST_FILE = "magellan-rewards-ios-v2/Info.plist";
				INFOPLIST_KEY_CFBundleDisplayName = "Magellan Rewards";
				INFOPLIST_KEY_LSApplicationCategoryType = "public.app-category.shopping";
				INFOPLIST_KEY_UIApplicationSupportsIndirectInputEvents = YES;
				INFOPLIST_KEY_UILaunchStoryboardName = LaunchScreen.storyboard;
				INFOPLIST_KEY_UIRequiresFullScreen = YES;
				INFOPLIST_KEY_UISupportedInterfaceOrientations_iPad = "UIInterfaceOrientationPortrait UIInterfaceOrientationPortraitUpsideDown UIInterfaceOrientationLandscapeLeft UIInterfaceOrientationLandscapeRight";
				INFOPLIST_KEY_UISupportedInterfaceOrientations_iPhone = "UIInterfaceOrientationPortrait UIInterfaceOrientationLandscapeLeft UIInterfaceOrientationLandscapeRight";
				LD_RUNPATH_SEARCH_PATHS = (
					"$(inherited)",
					"@executable_path/Frameworks",
				);
				MARKETING_VERSION = 2.02;
				PRODUCT_BUNDLE_IDENTIFIER = "com.owenroth.magellan-rewards";
				PRODUCT_NAME = "$(TARGET_NAME)";
				SWIFT_EMIT_LOC_STRINGS = YES;
				SWIFT_VERSION = 5.0;
				TARGETED_DEVICE_FAMILY = "1,2";
			};
			name = Release;
		};
/* End XCBuildConfiguration section */

/* Begin XCConfigurationList section */
		ABCC851E2B7B2B7A00C0D1E5 /* Build configuration list for PBXProject "magellan-rewards-ios-v2" */ = {
			isa = XCConfigurationList;
			buildConfigurations = (
				ABCC85352B7B2B7B00C0D1E5 /* Debug */,
				ABCC85362B7B2B7B00C0D1E5 /* Release */,
			);
			defaultConfigurationIsVisible = 0;
			defaultConfigurationName = Release;
		};
		ABCC85372B7B2B7B00C0D1E5 /* Build configuration list for PBXNativeTarget "magellan-rewards-ios-v2" */ = {
			isa = XCConfigurationList;
			buildConfigurations = (
				ABCC85382B7B2B7B00C0D1E5 /* Debug */,
				ABCC85392B7B2B7B00C0D1E5 /* Release */,
			);
			defaultConfigurationIsVisible = 0;
			defaultConfigurationName = Release;
		};
/* End XCConfigurationList section */

/* Begin XCRemoteSwiftPackageReference section */
		ABCC853A2B7B2C1900C0D1E5 /* XCRemoteSwiftPackageReference "turbo-ios" */ = {
			isa = XCRemoteSwiftPackageReference;
			repositoryURL = "https://github.com/hotwired/turbo-ios";
			requirement = {
				kind = upToNextMajorVersion;
				minimumVersion = 7.0.1;
			};
		};
/* End XCRemoteSwiftPackageReference section */

/* Begin XCSwiftPackageProductDependency section */
		ABCC853B2B7B2C1900C0D1E5 /* Turbo */ = {
			isa = XCSwiftPackageProductDependency;
			package = ABCC853A2B7B2C1900C0D1E5 /* XCRemoteSwiftPackageReference "turbo-ios" */;
			productName = Turbo;
		};
/* End XCSwiftPackageProductDependency section */
	};
	rootObject = ABCC851B2B7B2B7A00C0D1E5 /* Project object */;
}
